
Microsoft Visual Studio Solution File, Format Version 12.00
# Visual Studio Version 17
VisualStudioVersion = 17.7.34031.279
MinimumVisualStudioVersion = 10.0.40219.1
Project("{FAE04EC0-301F-11D3-BF4B-00C04F79EFBC}") = "eTicktes", "eTicktes\eTicktes.csproj", "{CE28C48E-7EBE-4030-9940-16347D6BA36A}"
EndProject
Global
	GlobalSection(SolutionConfigurationPlatforms) = preSolution
		Debug|Any CPU = Debug|Any CPU
		Release|Any CPU = Release|Any CPU
	EndGlobalSection
	GlobalSection(ProjectConfigurationPlatforms) = postSolution
		{CE28C48E-7EBE-4030-9940-16347D6BA36A}.Debug|Any CPU.ActiveCfg = Debug|Any CPU
		{CE28C48E-7EBE-4030-9940-16347D6BA36A}.Debug|Any CPU.Build.0 = Debug|Any CPU
		{CE28C48E-7EBE-4030-9940-16347D6BA36A}.Release|Any CPU.ActiveCfg = Release|Any CPU
		{CE28C48E-7EBE-4030-9940-16347D6BA36A}.Release|Any CPU.Build.0 = Release|Any CPU
	EndGlobalSection
	GlobalSection(SolutionProperties) = preSolution
		HideSolutionNode = FALSE
	EndGlobalSection
	GlobalSection(ExtensibilityGlobals) = postSolution
		SolutionGuid = {AD4230F8-E768-4E5D-9040-80B0523DCBE2}
	EndGlobalSection
EndGlobal
